
Microsoft Visual Studio Solution File, Format Version 12.00
# Visual Studio 15
Project("{FAE04EC0-301F-11D3-BF4B-00C04F79EFBC}") = "InsideScoopMobile", "InsideScoopMobile.csproj", "{2BED2236-3845-469B-A0A1-E8B54F57B678}"
EndProject
Global
	GlobalSection(SolutionConfigurationPlatforms) = preSolution
		Debug|Any CPU = Debug|Any CPU
		Release|Any CPU = Release|Any CPU
	EndGlobalSection
	GlobalSection(ProjectConfigurationPlatforms) = postSolution
		{2BED2236-3845-469B-A0A1-E8B54F57B678}.Debug|Any CPU.ActiveCfg = Debug|Any CPU
		{2BED2236-3845-469B-A0A1-E8B54F57B678}.Debug|Any CPU.Build.0 = Debug|Any CPU
		{2BED2236-3845-469B-A0A1-E8B54F57B678}.Release|Any CPU.ActiveCfg = Release|Any CPU
		{2BED2236-3845-469B-A0A1-E8B54F57B678}.Release|Any CPU.Build.0 = Release|Any CPU
	EndGlobalSection
EndGlobal
